
Microsoft Visual Studio Solution File, Format Version 12.00
# Visual Studio Version 17
VisualStudioVersion = 17.3.32901.215
MinimumVisualStudioVersion = 10.0.40219.1
Project("{FAE04EC0-301F-11D3-BF4B-00C04F79EFBC}") = "mart2", "mart2\mart2.csproj", "{8DB0A868-D37D-44B5-AC64-E5B2873E9713}"
EndProject
Global
	GlobalSection(SolutionConfigurationPlatforms) = preSolution
		Debug|Any CPU = Debug|Any CPU
		Release|Any CPU = Release|Any CPU
	EndGlobalSection
	GlobalSection(ProjectConfigurationPlatforms) = postSolution
		{8DB0A868-D37D-44B5-AC64-E5B2873E9713}.Debug|Any CPU.ActiveCfg = Debug|Any CPU
		{8DB0A868-D37D-44B5-AC64-E5B2873E9713}.Debug|Any CPU.Build.0 = Debug|Any CPU
		{8DB0A868-D37D-44B5-AC64-E5B2873E9713}.Release|Any CPU.ActiveCfg = Release|Any CPU
		{8DB0A868-D37D-44B5-AC64-E5B2873E9713}.Release|Any CPU.Build.0 = Release|Any CPU
	EndGlobalSection
	GlobalSection(SolutionProperties) = preSolution
		HideSolutionNode = FALSE
	EndGlobalSection
	GlobalSection(ExtensibilityGlobals) = postSolution
		SolutionGuid = {38268944-62CF-47EA-A074-3394B6994BE9}
	EndGlobalSection
EndGlobal
